
Microsoft Visual Studio Solution File, Format Version 12.00
# Visual Studio Version 16
VisualStudioVersion = 16.0.32901.82
MinimumVisualStudioVersion = 10.0.40219.1
Project("{FAE04EC0-301F-11D3-BF4B-00C04F79EFBC}") = "DelegateType", "DelegateType\DelegateType.csproj", "{8B77686E-CFF8-4691-8239-D681CB63DA7C}"
EndProject
Global
	GlobalSection(SolutionConfigurationPlatforms) = preSolution
		Debug|Any CPU = Debug|Any CPU
		Release|Any CPU = Release|Any CPU
	EndGlobalSection
	GlobalSection(ProjectConfigurationPlatforms) = postSolution
		{8B77686E-CFF8-4691-8239-D681CB63DA7C}.Debug|Any CPU.ActiveCfg = Debug|Any CPU
		{8B77686E-CFF8-4691-8239-D681CB63DA7C}.Debug|Any CPU.Build.0 = Debug|Any CPU
		{8B77686E-CFF8-4691-8239-D681CB63DA7C}.Release|Any CPU.ActiveCfg = Release|Any CPU
		{8B77686E-CFF8-4691-8239-D681CB63DA7C}.Release|Any CPU.Build.0 = Release|Any CPU
	EndGlobalSection
	GlobalSection(SolutionProperties) = preSolution
		HideSolutionNode = FALSE
	EndGlobalSection
	GlobalSection(ExtensibilityGlobals) = postSolution
		SolutionGuid = {334A2ABE-6276-4A39-A43B-36F35094136F}
	EndGlobalSection
EndGlobal
